
Microsoft Visual Studio Solution File, Format Version 12.00
# Visual Studio Version 17
VisualStudioVersion = 17.14.37314.3 d17.14
MinimumVisualStudioVersion = 10.0.40219.1
Project("{FAE04EC0-301F-11D3-BF4B-00C04F79EFBC}") = "ShonenShowdown.GameApi", "ShonenShowdown.GameApi\ShonenShowdown.GameApi.csproj", "{9D524049-0935-4E0D-8ECB-C0B3F181EFFE}"
EndProject
Global
	GlobalSection(SolutionConfigurationPlatforms) = preSolution
		Debug|Any CPU = Debug|Any CPU
		Release|Any CPU = Release|Any CPU
	EndGlobalSection
	GlobalSection(ProjectConfigurationPlatforms) = postSolution
		{9D524049-0935-4E0D-8ECB-C0B3F181EFFE}.Debug|Any CPU.ActiveCfg = Debug|Any CPU
		{9D524049-0935-4E0D-8ECB-C0B3F181EFFE}.Debug|Any CPU.Build.0 = Debug|Any CPU
		{9D524049-0935-4E0D-8ECB-C0B3F181EFFE}.Release|Any CPU.ActiveCfg = Release|Any CPU
		{9D524049-0935-4E0D-8ECB-C0B3F181EFFE}.Release|Any CPU.Build.0 = Release|Any CPU
	EndGlobalSection
	GlobalSection(SolutionProperties) = preSolution
		HideSolutionNode = FALSE
	EndGlobalSection
	GlobalSection(ExtensibilityGlobals) = postSolution
		SolutionGuid = {D9A71DB4-0818-48BC-8D1F-3A5CEF14718C}
	EndGlobalSection
EndGlobal
